
Microsoft Visual Studio Solution File, Format Version 12.00
# Visual Studio 2012
Project("{FAE04EC0-301F-11D3-BF4B-00C04F79EFBC}") = "SponsorRunner", "SponsorRunner\SponsorRunner.csproj", "{6D297D1E-F489-4EB2-AF4D-64F216128CD2}"
EndProject
Project("{FAE04EC0-301F-11D3-BF4B-00C04F79EFBC}") = "SponsorRunner Databse First", "SponsorRunner Databse First\SponsorRunner Databse First.csproj", "{690EF96E-E337-45AB-92C2-48FAA83EE8EC}"
EndProject
Global
	GlobalSection(SolutionConfigurationPlatforms) = preSolution
		Debug|Any CPU = Debug|Any CPU
		Release|Any CPU = Release|Any CPU
	EndGlobalSection
	GlobalSection(ProjectConfigurationPlatforms) = postSolution
		{6D297D1E-F489-4EB2-AF4D-64F216128CD2}.Debug|Any CPU.ActiveCfg = Debug|Any CPU
		{6D297D1E-F489-4EB2-AF4D-64F216128CD2}.Debug|Any CPU.Build.0 = Debug|Any CPU
		{6D297D1E-F489-4EB2-AF4D-64F216128CD2}.Release|Any CPU.ActiveCfg = Release|Any CPU
		{6D297D1E-F489-4EB2-AF4D-64F216128CD2}.Release|Any CPU.Build.0 = Release|Any CPU
		{690EF96E-E337-45AB-92C2-48FAA83EE8EC}.Debug|Any CPU.ActiveCfg = Debug|Any CPU
		{690EF96E-E337-45AB-92C2-48FAA83EE8EC}.Debug|Any CPU.Build.0 = Debug|Any CPU
		{690EF96E-E337-45AB-92C2-48FAA83EE8EC}.Release|Any CPU.ActiveCfg = Release|Any CPU
		{690EF96E-E337-45AB-92C2-48FAA83EE8EC}.Release|Any CPU.Build.0 = Release|Any CPU
	EndGlobalSection
	GlobalSection(SolutionProperties) = preSolution
		HideSolutionNode = FALSE
	EndGlobalSection
EndGlobal
